// !$*UTF8*$!
{
	archiveVersion = 1;
	classes = {
	};
	objectVersion = 56;
	objects = {

/* Begin PBXBuildFile section */
		FB3108FE29065EDA00668329 /* WidgetKit.framework in Frameworks */ = {isa = PBXBuildFile; fileRef = FB3108FD29065EDA00668329 /* WidgetKit.framework */; };
		FB31090029065EDA00668329 /* SwiftUI.framework in Frameworks */ = {isa = PBXBuildFile; fileRef = FB3108FF29065EDA00668329 /* SwiftUI.framework */; };
		FB31090329065EDA00668329 /* WidgetSample.swift in Sources */ = {isa = PBXBuildFile; fileRef = FB31090229065EDA00668329 /* WidgetSample.swift */; };
		FB31090629065EDC00668329 /* Assets.xcassets in Resources */ = {isa = PBXBuildFile; fileRef = FB31090529065EDC00668329 /* Assets.xcassets */; };
		FB31090829065EDC00668329 /* WidgetSample.intentdefinition in Sources */ = {isa = PBXBuildFile; fileRef = FB31090429065EDA00668329 /* WidgetSample.intentdefinition */; };
		FB31090929065EDC00668329 /* WidgetSample.intentdefinition in Sources */ = {isa = PBXBuildFile; fileRef = FB31090429065EDA00668329 /* WidgetSample.intentdefinition */; };
		FB31090C29065EDC00668329 /* WidgetSampleExtension.appex in Embed Foundation Extensions */ = {isa = PBXBuildFile; fileRef = FB3108FB29065EDA00668329 /* WidgetSampleExtension.appex */; settings = {ATTRIBUTES = (RemoveHeadersOnCopy, ); }; };
		FBA735A2290647CC00FF252E /* LiveActivitySampleApp.swift in Sources */ = {isa = PBXBuildFile; fileRef = FBA735A1290647CC00FF252E /* LiveActivitySampleApp.swift */; };
		FBA735A4290647CC00FF252E /* ContentView.swift in Sources */ = {isa = PBXBuildFile; fileRef = FBA735A3290647CC00FF252E /* ContentView.swift */; };
		FBA735A6290647CD00FF252E /* Assets.xcassets in Resources */ = {isa = PBXBuildFile; fileRef = FBA735A5290647CD00FF252E /* Assets.xcassets */; };
		FBA735AA290647CD00FF252E /* Preview Assets.xcassets in Resources */ = {isa = PBXBuildFile; fileRef = FBA735A9290647CD00FF252E /* Preview Assets.xcassets */; };
		FBCF5E2B29066C7600B30E77 /* LiveActivitiesTestWidgetEntryView.swift in Sources */ = {isa = PBXBuildFile; fileRef = FBCF5E2A29066C7600B30E77 /* LiveActivitiesTestWidgetEntryView.swift */; };
		FBCF5E2C2906743200B30E77 /* TripAppAttributes.swift in Sources */ = {isa = PBXBuildFile; fileRef = FB31091129065F3500668329 /* TripAppAttributes.swift */; };
		FBCF5E2E29067A2500B30E77 /* TripAppAttributes.swift in Sources */ = {isa = PBXBuildFile; fileRef = FB31091129065F3500668329 /* TripAppAttributes.swift */; };
/* End PBXBuildFile section */

/* Begin PBXContainerItemProxy section */
		FB31090A29065EDC00668329 /* PBXContainerItemProxy */ = {
			isa = PBXContainerItemProxy;
			containerPortal = FBA73596290647CC00FF252E /* Project object */;
			proxyType = 1;
			remoteGlobalIDString = FB3108FA29065EDA00668329;
			remoteInfo = WidgetSampleExtension;
		};
/* End PBXContainerItemProxy section */

/* Begin PBXCopyFilesBuildPhase section */
		FB31091029065EDC00668329 /* Embed Foundation Extensions */ = {
			isa = PBXCopyFilesBuildPhase;
			buildActionMask = 2147483647;
			dstPath = "";
			dstSubfolderSpec = 13;
			files = (
				FB31090C29065EDC00668329 /* WidgetSampleExtension.appex in Embed Foundation Extensions */,
			);
			name = "Embed Foundation Extensions";
			runOnlyForDeploymentPostprocessing = 0;
		};
/* End PBXCopyFilesBuildPhase section */

/* Begin PBXFileReference section */
		FB3108F629065EBC00668329 /* Info.plist */ = {isa = PBXFileReference; lastKnownFileType = text.plist; path = Info.plist; sourceTree = "<group>"; };
		FB3108FB29065EDA00668329 /* WidgetSampleExtension.appex */ = {isa = PBXFileReference; explicitFileType = "wrapper.app-extension"; includeInIndex = 0; path = WidgetSampleExtension.appex; sourceTree = BUILT_PRODUCTS_DIR; };
		FB3108FD29065EDA00668329 /* WidgetKit.framework */ = {isa = PBXFileReference; lastKnownFileType = wrapper.framework; name = WidgetKit.framework; path = System/Library/Frameworks/WidgetKit.framework; sourceTree = SDKROOT; };
		FB3108FF29065EDA00668329 /* SwiftUI.framework */ = {isa = PBXFileReference; lastKnownFileType = wrapper.framework; name = SwiftUI.framework; path = System/Library/Frameworks/SwiftUI.framework; sourceTree = SDKROOT; };
		FB31090229065EDA00668329 /* WidgetSample.swift */ = {isa = PBXFileReference; lastKnownFileType = sourcecode.swift; path = WidgetSample.swift; sourceTree = "<group>"; };
		FB31090429065EDA00668329 /* WidgetSample.intentdefinition */ = {isa = PBXFileReference; lastKnownFileType = file.intentdefinition; path = WidgetSample.intentdefinition; sourceTree = "<group>"; };
		FB31090529065EDC00668329 /* Assets.xcassets */ = {isa = PBXFileReference; lastKnownFileType = folder.assetcatalog; path = Assets.xcassets; sourceTree = "<group>"; };
		FB31090729065EDC00668329 /* Info.plist */ = {isa = PBXFileReference; lastKnownFileType = text.plist.xml; path = Info.plist; sourceTree = "<group>"; };
		FB31091129065F3500668329 /* TripAppAttributes.swift */ = {isa = PBXFileReference; lastKnownFileType = sourcecode.swift; path = TripAppAttributes.swift; sourceTree = "<group>"; };
		FBA7359E290647CC00FF252E /* LiveActivitySample.app */ = {isa = PBXFileReference; explicitFileType = wrapper.application; includeInIndex = 0; path = LiveActivitySample.app; sourceTree = BUILT_PRODUCTS_DIR; };
		FBA735A1290647CC00FF252E /* LiveActivitySampleApp.swift */ = {isa = PBXFileReference; lastKnownFileType = sourcecode.swift; path = LiveActivitySampleApp.swift; sourceTree = "<group>"; };
		FBA735A3290647CC00FF252E /* ContentView.swift */ = {isa = PBXFileReference; lastKnownFileType = sourcecode.swift; path = ContentView.swift; sourceTree = "<group>"; };
		FBA735A5290647CD00FF252E /* Assets.xcassets */ = {isa = PBXFileReference; lastKnownFileType = folder.assetcatalog; path = Assets.xcassets; sourceTree = "<group>"; };
		FBA735A7290647CD00FF252E /* LiveActivitySample.entitlements */ = {isa = PBXFileReference; lastKnownFileType = text.plist.entitlements; path = LiveActivitySample.entitlements; sourceTree = "<group>"; };
		FBA735A9290647CD00FF252E /* Preview Assets.xcassets */ = {isa = PBXFileReference; lastKnownFileType = folder.assetcatalog; path = "Preview Assets.xcassets"; sourceTree = "<group>"; };
		FBCF5E2A29066C7600B30E77 /* LiveActivitiesTestWidgetEntryView.swift */ = {isa = PBXFileReference; lastKnownFileType = sourcecode.swift; path = LiveActivitiesTestWidgetEntryView.swift; sourceTree = "<group>"; };
/* End PBXFileReference section */

/* Begin PBXFrameworksBuildPhase section */
		FB3108F829065EDA00668329 /* Frameworks */ = {
			isa = PBXFrameworksBuildPhase;
			buildActionMask = 2147483647;
			files = (
				FB31090029065EDA00668329 /* SwiftUI.framework in Frameworks */,
				FB3108FE29065EDA00668329 /* WidgetKit.framework in Frameworks */,
			);
			runOnlyForDeploymentPostprocessing = 0;
		};
		FBA7359B290647CC00FF252E /* Frameworks */ = {
			isa = PBXFrameworksBuildPhase;
			buildActionMask = 2147483647;
			files = (
			);
			runOnlyForDeploymentPostprocessing = 0;
		};
/* End PBXFrameworksBuildPhase section */

/* Begin PBXGroup section */
		FB3108FC29065EDA00668329 /* Frameworks */ = {
			isa = PBXGroup;
			children = (
				FB3108FD29065EDA00668329 /* WidgetKit.framework */,
				FB3108FF29065EDA00668329 /* SwiftUI.framework */,
			);
			name = Frameworks;
			sourceTree = "<group>";
		};
		FB31090129065EDA00668329 /* WidgetSample */ = {
			isa = PBXGroup;
			children = (
				FB31090229065EDA00668329 /* WidgetSample.swift */,
				FB31090429065EDA00668329 /* WidgetSample.intentdefinition */,
				FB31090529065EDC00668329 /* Assets.xcassets */,
				FB31090729065EDC00668329 /* Info.plist */,
				FBCF5E2A29066C7600B30E77 /* LiveActivitiesTestWidgetEntryView.swift */,
			);
			path = WidgetSample;
			sourceTree = "<group>";
		};
		FBA73595290647CC00FF252E = {
			isa = PBXGroup;
			children = (
				FBA735A0290647CC00FF252E /* LiveActivitySample */,
				FB31090129065EDA00668329 /* WidgetSample */,
				FB3108FC29065EDA00668329 /* Frameworks */,
				FBA7359F290647CC00FF252E /* Products */,
			);
			sourceTree = "<group>";
		};
		FBA7359F290647CC00FF252E /* Products */ = {
			isa = PBXGroup;
			children = (
				FBA7359E290647CC00FF252E /* LiveActivitySample.app */,
				FB3108FB29065EDA00668329 /* WidgetSampleExtension.appex */,
			);
			name = Products;
			sourceTree = "<group>";
		};
		FBA735A0290647CC00FF252E /* LiveActivitySample */ = {
			isa = PBXGroup;
			children = (
				FB3108F629065EBC00668329 /* Info.plist */,
				FBA735A1290647CC00FF252E /* LiveActivitySampleApp.swift */,
				FBA735A3290647CC00FF252E /* ContentView.swift */,
				FB31091129065F3500668329 /* TripAppAttributes.swift */,
				FBA735A5290647CD00FF252E /* Assets.xcassets */,
				FBA735A7290647CD00FF252E /* LiveActivitySample.entitlements */,
				FBA735A8290647CD00FF252E /* Preview Content */,
			);
			path = LiveActivitySample;
			sourceTree = "<group>";
		};
		FBA735A8290647CD00FF252E /* Preview Content */ = {
			isa = PBXGroup;
			children = (
				FBA735A9290647CD00FF252E /* Preview Assets.xcassets */,
			);
			path = "Preview Content";
			sourceTree = "<group>";
		};
/* End PBXGroup section */

/* Begin PBXNativeTarget section */
		FB3108FA29065EDA00668329 /* WidgetSampleExtension */ = {
			isa = PBXNativeTarget;
			buildConfigurationList = FB31090D29065EDC00668329 /* Build configuration list for PBXNativeTarget "WidgetSampleExtension" */;
			buildPhases = (
				FB3108F729065EDA00668329 /* Sources */,
				FB3108F829065EDA00668329 /* Frameworks */,
				FB3108F929065EDA00668329 /* Resources */,
			);
			buildRules = (
			);
			dependencies = (
			);
			name = WidgetSampleExtension;
			productName = WidgetSampleExtension;
			productReference = FB3108FB29065EDA00668329 /* WidgetSampleExtension.appex */;
			productType = "com.apple.product-type.app-extension";
		};
		FBA7359D290647CC00FF252E /* LiveActivitySample */ = {
			isa = PBXNativeTarget;
			buildConfigurationList = FBA735AD290647CD00FF252E /* Build configuration list for PBXNativeTarget "LiveActivitySample" */;
			buildPhases = (
				FBA7359A290647CC00FF252E /* Sources */,
				FBA7359B290647CC00FF252E /* Frameworks */,
				FBA7359C290647CC00FF252E /* Resources */,
				FB31091029065EDC00668329 /* Embed Foundation Extensions */,
			);
			buildRules = (
			);
			dependencies = (
				FB31090B29065EDC00668329 /* PBXTargetDependency */,
			);
			name = LiveActivitySample;
			productName = LiveActivitySample;
			productReference = FBA7359E290647CC00FF252E /* LiveActivitySample.app */;
			productType = "com.apple.product-type.application";
		};
/* End PBXNativeTarget section */

/* Begin PBXProject section */
		FBA73596290647CC00FF252E /* Project object */ = {
			isa = PBXProject;
			attributes = {
				BuildIndependentTargetsInParallel = 1;
				LastSwiftUpdateCheck = 1400;
				LastUpgradeCheck = 1400;
				TargetAttributes = {
					FB3108FA29065EDA00668329 = {
						CreatedOnToolsVersion = 14.0.1;
					};
					FBA7359D290647CC00FF252E = {
						CreatedOnToolsVersion = 14.0.1;
					};
				};
			};
			buildConfigurationList = FBA73599290647CC00FF252E /* Build configuration list for PBXProject "LiveActivitySample" */;
			compatibilityVersion = "Xcode 14.0";
			developmentRegion = en;
			hasScannedForEncodings = 0;
			knownRegions = (
				en,
				Base,
			);
			mainGroup = FBA73595290647CC00FF252E;
			productRefGroup = FBA7359F290647CC00FF252E /* Products */;
			projectDirPath = "";
			projectRoot = "";
			targets = (
				FBA7359D290647CC00FF252E /* LiveActivitySample */,
				FB3108FA29065EDA00668329 /* WidgetSampleExtension */,
			);
		};
/* End PBXProject section */

/* Begin PBXResourcesBuildPhase section */
		FB3108F929065EDA00668329 /* Resources */ = {
			isa = PBXResourcesBuildPhase;
			buildActionMask = 2147483647;
			files = (
				FB31090629065EDC00668329 /* Assets.xcassets in Resources */,
			);
			runOnlyForDeploymentPostprocessing = 0;
		};
		FBA7359C290647CC00FF252E /* Resources */ = {
			isa = PBXResourcesBuildPhase;
			buildActionMask = 2147483647;
			files = (
				FBA735AA290647CD00FF252E /* Preview Assets.xcassets in Resources */,
				FBA735A6290647CD00FF252E /* Assets.xcassets in Resources */,
			);
			runOnlyForDeploymentPostprocessing = 0;
		};
/* End PBXResourcesBuildPhase section */

/* Begin PBXSourcesBuildPhase section */
		FB3108F729065EDA00668329 /* Sources */ = {
			isa = PBXSourcesBuildPhase;
			buildActionMask = 2147483647;
			files = (
				FBCF5E2B29066C7600B30E77 /* LiveActivitiesTestWidgetEntryView.swift in Sources */,
				FBCF5E2E29067A2500B30E77 /* TripAppAttributes.swift in Sources */,
				FB31090829065EDC00668329 /* WidgetSample.intentdefinition in Sources */,
				FB31090329065EDA00668329 /* WidgetSample.swift in Sources */,
			);
			runOnlyForDeploymentPostprocessing = 0;
		};
		FBA7359A290647CC00FF252E /* Sources */ = {
			isa = PBXSourcesBuildPhase;
			buildActionMask = 2147483647;
			files = (
				FB31090929065EDC00668329 /* WidgetSample.intentdefinition in Sources */,
				FBCF5E2C2906743200B30E77 /* TripAppAttributes.swift in Sources */,
				FBA735A4290647CC00FF252E /* ContentView.swift in Sources */,
				FBA735A2290647CC00FF252E /* LiveActivitySampleApp.swift in Sources */,
			);
			runOnlyForDeploymentPostprocessing = 0;
		};
/* End PBXSourcesBuildPhase section */

/* Begin PBXTargetDependency section */
		FB31090B29065EDC00668329 /* PBXTargetDependency */ = {
			isa = PBXTargetDependency;
			target = FB3108FA29065EDA00668329 /* WidgetSampleExtension */;
			targetProxy = FB31090A29065EDC00668329 /* PBXContainerItemProxy */;
		};
/* End PBXTargetDependency section */

/* Begin XCBuildConfiguration section */
		FB31090E29065EDC00668329 /* Debug */ = {
			isa = XCBuildConfiguration;
			buildSettings = {
				ASSETCATALOG_COMPILER_GLOBAL_ACCENT_COLOR_NAME = AccentColor;
				ASSETCATALOG_COMPILER_WIDGET_BACKGROUND_COLOR_NAME = WidgetBackground;
				CODE_SIGN_STYLE = Automatic;
				CURRENT_PROJECT_VERSION = 1;
				GENERATE_INFOPLIST_FILE = YES;
				INFOPLIST_FILE = WidgetSample/Info.plist;
				INFOPLIST_KEY_CFBundleDisplayName = WidgetSample;
				INFOPLIST_KEY_NSHumanReadableCopyright = "";
				IPHONEOS_DEPLOYMENT_TARGET = 16.1;
				LD_RUNPATH_SEARCH_PATHS = (
					"$(inherited)",
					"@executable_path/Frameworks",
					"@executable_path/../../Frameworks",
				);
				MARKETING_VERSION = 1.0;
				PRODUCT_BUNDLE_IDENTIFIER = project.kamui.LiveActivitySample.WidgetSample;
				PRODUCT_NAME = "$(TARGET_NAME)";
				SDKROOT = iphoneos;
				SKIP_INSTALL = YES;
				SWIFT_EMIT_LOC_STRINGS = YES;
				SWIFT_VERSION = 5.0;
				TARGETED_DEVICE_FAMILY = "1,2";
			};
			name = Debug;
		};
		FB31090F29065EDC00668329 /* Release */ = {
			isa = XCBuildConfiguration;
			buildSettings = {
				ASSETCATALOG_COMPILER_GLOBAL_ACCENT_COLOR_NAME = AccentColor;
				ASSETCATALOG_COMPILER_WIDGET_BACKGROUND_COLOR_NAME = WidgetBackground;
				CODE_SIGN_STYLE = Automatic;
				CURRENT_PROJECT_VERSION = 1;
				GENERATE_INFOPLIST_FILE = YES;
				INFOPLIST_FILE = WidgetSample/Info.plist;
				INFOPLIST_KEY_CFBundleDisplayName = WidgetSample;
				INFOPLIST_KEY_NSHumanReadableCopyright = "";
				IPHONEOS_DEPLOYMENT_TARGET = 16.1;
				LD_RUNPATH_SEARCH_PATHS = (
					"$(inherited)",
					"@executable_path/Frameworks",
					"@executable_path/../../Frameworks",
				);
				MARKETING_VERSION = 1.0;
				PRODUCT_BUNDLE_IDENTIFIER = project.kamui.LiveActivitySample.WidgetSample;
				PRODUCT_NAME = "$(TARGET_NAME)";
				SDKROOT = iphoneos;
				SKIP_INSTALL = YES;
				SWIFT_EMIT_LOC_STRINGS = YES;
				SWIFT_VERSION = 5.0;
				TARGETED_DEVICE_FAMILY = "1,2";
				VALIDATE_PRODUCT = YES;
			};
			name = Release;
		};
		FBA735AB290647CD00FF252E /* Debug */ = {
			isa = XCBuildConfiguration;
			buildSettings = {
				ALWAYS_SEARCH_USER_PATHS = NO;
				CLANG_ANALYZER_NONNULL = YES;
				CLANG_ANALYZER_NUMBER_OBJECT_CONVERSION = YES_AGGRESSIVE;
				CLANG_CXX_LANGUAGE_STANDARD = "gnu++20";
				CLANG_ENABLE_MODULES = YES;
				CLANG_ENABLE_OBJC_ARC = YES;
				CLANG_ENABLE_OBJC_WEAK = YES;
				CLANG_WARN_BLOCK_CAPTURE_AUTORELEASING = YES;
				CLANG_WARN_BOOL_CONVERSION = YES;
				CLANG_WARN_COMMA = YES;
				CLANG_WARN_CONSTANT_CONVERSION = YES;
				CLANG_WARN_DEPRECATED_OBJC_IMPLEMENTATIONS = YES;
				CLANG_WARN_DIRECT_OBJC_ISA_USAGE = YES_ERROR;
				CLANG_WARN_DOCUMENTATION_COMMENTS = YES;
				CLANG_WARN_EMPTY_BODY = YES;
				CLANG_WARN_ENUM_CONVERSION = YES;
				CLANG_WARN_INFINITE_RECURSION = YES;
				CLANG_WARN_INT_CONVERSION = YES;
				CLANG_WARN_NON_LITERAL_NULL_CONVERSION = YES;
				CLANG_WARN_OBJC_IMPLICIT_RETAIN_SELF = YES;
				CLANG_WARN_OBJC_LITERAL_CONVERSION = YES;
				CLANG_WARN_OBJC_ROOT_CLASS = YES_ERROR;
				CLANG_WARN_QUOTED_INCLUDE_IN_FRAMEWORK_HEADER = YES;
				CLANG_WARN_RANGE_LOOP_ANALYSIS = YES;
				CLANG_WARN_STRICT_PROTOTYPES = YES;
				CLANG_WARN_SUSPICIOUS_MOVE = YES;
				CLANG_WARN_UNGUARDED_AVAILABILITY = YES_AGGRESSIVE;
				CLANG_WARN_UNREACHABLE_CODE = YES;
				CLANG_WARN__DUPLICATE_METHOD_MATCH = YES;
				COPY_PHASE_STRIP = NO;
				DEBUG_INFORMATION_FORMAT = dwarf;
				ENABLE_STRICT_OBJC_MSGSEND = YES;
				ENABLE_TESTABILITY = YES;
				GCC_C_LANGUAGE_STANDARD = gnu11;
				GCC_DYNAMIC_NO_PIC = NO;
				GCC_NO_COMMON_BLOCKS = YES;
				GCC_OPTIMIZATION_LEVEL = 0;
				GCC_PREPROCESSOR_DEFINITIONS = (
					"DEBUG=1",
					"$(inherited)",
				);
				GCC_WARN_64_TO_32_BIT_CONVERSION = YES;
				GCC_WARN_ABOUT_RETURN_TYPE = YES_ERROR;
				GCC_WARN_UNDECLARED_SELECTOR = YES;
				GCC_WARN_UNINITIALIZED_AUTOS = YES_AGGRESSIVE;
				GCC_WARN_UNUSED_FUNCTION = YES;
				GCC_WARN_UNUSED_VARIABLE = YES;
				IPHONEOS_DEPLOYMENT_TARGET = 16.1;
				MTL_ENABLE_DEBUG_INFO = INCLUDE_SOURCE;
				MTL_FAST_MATH = YES;
				ONLY_ACTIVE_ARCH = YES;
				SWIFT_ACTIVE_COMPILATION_CONDITIONS = DEBUG;
				SWIFT_OPTIMIZATION_LEVEL = "-Onone";
			};
			name = Debug;
		};
		FBA735AC290647CD00FF252E /* Release */ = {
			isa = XCBuildConfiguration;
			buildSettings = {
				ALWAYS_SEARCH_USER_PATHS = NO;
				CLANG_ANALYZER_NONNULL = YES;
				CLANG_ANALYZER_NUMBER_OBJECT_CONVERSION = YES_AGGRESSIVE;
				CLANG_CXX_LANGUAGE_STANDARD = "gnu++20";
				CLANG_ENABLE_MODULES = YES;
				CLANG_ENABLE_OBJC_ARC = YES;
				CLANG_ENABLE_OBJC_WEAK = YES;
				CLANG_WARN_BLOCK_CAPTURE_AUTORELEASING = YES;
				CLANG_WARN_BOOL_CONVERSION = YES;
				CLANG_WARN_COMMA = YES;
				CLANG_WARN_CONSTANT_CONVERSION = YES;
				CLANG_WARN_DEPRECATED_OBJC_IMPLEMENTATIONS = YES;
				CLANG_WARN_DIRECT_OBJC_ISA_USAGE = YES_ERROR;
				CLANG_WARN_DOCUMENTATION_COMMENTS = YES;
				CLANG_WARN_EMPTY_BODY = YES;
				CLANG_WARN_ENUM_CONVERSION = YES;
				CLANG_WARN_INFINITE_RECURSION = YES;
				CLANG_WARN_INT_CONVERSION = YES;
				CLANG_WARN_NON_LITERAL_NULL_CONVERSION = YES;
				CLANG_WARN_OBJC_IMPLICIT_RETAIN_SELF = YES;
				CLANG_WARN_OBJC_LITERAL_CONVERSION = YES;
				CLANG_WARN_OBJC_ROOT_CLASS = YES_ERROR;
				CLANG_WARN_QUOTED_INCLUDE_IN_FRAMEWORK_HEADER = YES;
				CLANG_WARN_RANGE_LOOP_ANALYSIS = YES;
				CLANG_WARN_STRICT_PROTOTYPES = YES;
				CLANG_WARN_SUSPICIOUS_MOVE = YES;
				CLANG_WARN_UNGUARDED_AVAILABILITY = YES_AGGRESSIVE;
				CLANG_WARN_UNREACHABLE_CODE = YES;
				CLANG_WARN__DUPLICATE_METHOD_MATCH = YES;
				COPY_PHASE_STRIP = NO;
				DEBUG_INFORMATION_FORMAT = "dwarf-with-dsym";
				ENABLE_NS_ASSERTIONS = NO;
				ENABLE_STRICT_OBJC_MSGSEND = YES;
				GCC_C_LANGUAGE_STANDARD = gnu11;
				GCC_NO_COMMON_BLOCKS = YES;
				GCC_WARN_64_TO_32_BIT_CONVERSION = YES;
				GCC_WARN_ABOUT_RETURN_TYPE = YES_ERROR;
				GCC_WARN_UNDECLARED_SELECTOR = YES;
				GCC_WARN_UNINITIALIZED_AUTOS = YES_AGGRESSIVE;
				GCC_WARN_UNUSED_FUNCTION = YES;
				GCC_WARN_UNUSED_VARIABLE = YES;
				IPHONEOS_DEPLOYMENT_TARGET = 16.1;
				MTL_ENABLE_DEBUG_INFO = NO;
				MTL_FAST_MATH = YES;
				SWIFT_COMPILATION_MODE = wholemodule;
				SWIFT_OPTIMIZATION_LEVEL = "-O";
			};
			name = Release;
		};
		FBA735AE290647CD00FF252E /* Debug */ = {
			isa = XCBuildConfiguration;
			buildSettings = {
				ALWAYS_EMBED_SWIFT_STANDARD_LIBRARIES = YES;
				ASSETCATALOG_COMPILER_APPICON_NAME = AppIcon;
				ASSETCATALOG_COMPILER_GLOBAL_ACCENT_COLOR_NAME = AccentColor;
				CODE_SIGN_ENTITLEMENTS = LiveActivitySample/LiveActivitySample.entitlements;
				CODE_SIGN_STYLE = Automatic;
				CURRENT_PROJECT_VERSION = 1;
				DEVELOPMENT_ASSET_PATHS = "\"LiveActivitySample/Preview Content\"";
				ENABLE_PREVIEWS = YES;
				GENERATE_INFOPLIST_FILE = YES;
				INFOPLIST_FILE = LiveActivitySample/Info.plist;
				"INFOPLIST_KEY_UIApplicationSceneManifest_Generation[sdk=iphoneos*]" = YES;
				"INFOPLIST_KEY_UIApplicationSceneManifest_Generation[sdk=iphonesimulator*]" = YES;
				"INFOPLIST_KEY_UIApplicationSupportsIndirectInputEvents[sdk=iphoneos*]" = YES;
				"INFOPLIST_KEY_UIApplicationSupportsIndirectInputEvents[sdk=iphonesimulator*]" = YES;
				"INFOPLIST_KEY_UILaunchScreen_Generation[sdk=iphoneos*]" = YES;
				"INFOPLIST_KEY_UILaunchScreen_Generation[sdk=iphonesimulator*]" = YES;
				"INFOPLIST_KEY_UIStatusBarStyle[sdk=iphoneos*]" = UIStatusBarStyleDefault;
				"INFOPLIST_KEY_UIStatusBarStyle[sdk=iphonesimulator*]" = UIStatusBarStyleDefault;
				INFOPLIST_KEY_UISupportedInterfaceOrientations_iPad = "UIInterfaceOrientationPortrait UIInterfaceOrientationPortraitUpsideDown UIInterfaceOrientationLandscapeLeft UIInterfaceOrientationLandscapeRight";
				INFOPLIST_KEY_UISupportedInterfaceOrientations_iPhone = "UIInterfaceOrientationPortrait UIInterfaceOrientationLandscapeLeft UIInterfaceOrientationLandscapeRight";
				IPHONEOS_DEPLOYMENT_TARGET = 16.1;
				LD_RUNPATH_SEARCH_PATHS = "@executable_path/Frameworks";
				"LD_RUNPATH_SEARCH_PATHS[sdk=macosx*]" = "@executable_path/../Frameworks";
				MACOSX_DEPLOYMENT_TARGET = 12.3;
				MARKETING_VERSION = 1.0;
				PRODUCT_BUNDLE_IDENTIFIER = project.kamui.LiveActivitySample;
				PRODUCT_NAME = "$(TARGET_NAME)";
				SDKROOT = auto;
				SUPPORTED_PLATFORMS = "iphoneos iphonesimulator macosx";
				SWIFT_EMIT_LOC_STRINGS = YES;
				SWIFT_VERSION = 5.0;
				TARGETED_DEVICE_FAMILY = "1,2";
			};
			name = Debug;
		};
		FBA735AF290647CD00FF252E /* Release */ = {
			isa = XCBuildConfiguration;
			buildSettings = {
				ALWAYS_EMBED_SWIFT_STANDARD_LIBRARIES = YES;
				ASSETCATALOG_COMPILER_APPICON_NAME = AppIcon;
				ASSETCATALOG_COMPILER_GLOBAL_ACCENT_COLOR_NAME = AccentColor;
				CODE_SIGN_ENTITLEMENTS = LiveActivitySample/LiveActivitySample.entitlements;
				CODE_SIGN_STYLE = Automatic;
				CURRENT_PROJECT_VERSION = 1;
				DEVELOPMENT_ASSET_PATHS = "\"LiveActivitySample/Preview Content\"";
				ENABLE_PREVIEWS = YES;
				GENERATE_INFOPLIST_FILE = YES;
				INFOPLIST_FILE = LiveActivitySample/Info.plist;
				"INFOPLIST_KEY_UIApplicationSceneManifest_Generation[sdk=iphoneos*]" = YES;
				"INFOPLIST_KEY_UIApplicationSceneManifest_Generation[sdk=iphonesimulator*]" = YES;
				"INFOPLIST_KEY_UIApplicationSupportsIndirectInputEvents[sdk=iphoneos*]" = YES;
				"INFOPLIST_KEY_UIApplicationSupportsIndirectInputEvents[sdk=iphonesimulator*]" = YES;
				"INFOPLIST_KEY_UILaunchScreen_Generation[sdk=iphoneos*]" = YES;
				"INFOPLIST_KEY_UILaunchScreen_Generation[sdk=iphonesimulator*]" = YES;
				"INFOPLIST_KEY_UIStatusBarStyle[sdk=iphoneos*]" = UIStatusBarStyleDefault;
				"INFOPLIST_KEY_UIStatusBarStyle[sdk=iphonesimulator*]" = UIStatusBarStyleDefault;
				INFOPLIST_KEY_UISupportedInterfaceOrientations_iPad = "UIInterfaceOrientationPortrait UIInterfaceOrientationPortraitUpsideDown UIInterfaceOrientationLandscapeLeft UIInterfaceOrientationLandscapeRight";
				INFOPLIST_KEY_UISupportedInterfaceOrientations_iPhone = "UIInterfaceOrientationPortrait UIInterfaceOrientationLandscapeLeft UIInterfaceOrientationLandscapeRight";
				IPHONEOS_DEPLOYMENT_TARGET = 16.1;
				LD_RUNPATH_SEARCH_PATHS = "@executable_path/Frameworks";
				"LD_RUNPATH_SEARCH_PATHS[sdk=macosx*]" = "@executable_path/../Frameworks";
				MACOSX_DEPLOYMENT_TARGET = 12.3;
				MARKETING_VERSION = 1.0;
				PRODUCT_BUNDLE_IDENTIFIER = project.kamui.LiveActivitySample;
				PRODUCT_NAME = "$(TARGET_NAME)";
				SDKROOT = auto;
				SUPPORTED_PLATFORMS = "iphoneos iphonesimulator macosx";
				SWIFT_EMIT_LOC_STRINGS = YES;
				SWIFT_VERSION = 5.0;
				TARGETED_DEVICE_FAMILY = "1,2";
			};
			name = Release;
		};
/* End XCBuildConfiguration section */

/* Begin XCConfigurationList section */
		FB31090D29065EDC00668329 /* Build configuration list for PBXNativeTarget "WidgetSampleExtension" */ = {
			isa = XCConfigurationList;
			buildConfigurations = (
				FB31090E29065EDC00668329 /* Debug */,
				FB31090F29065EDC00668329 /* Release */,
			);
			defaultConfigurationIsVisible = 0;
			defaultConfigurationName = Release;
		};
		FBA73599290647CC00FF252E /* Build configuration list for PBXProject "LiveActivitySample" */ = {
			isa = XCConfigurationList;
			buildConfigurations = (
				FBA735AB290647CD00FF252E /* Debug */,
				FBA735AC290647CD00FF252E /* Release */,
			);
			defaultConfigurationIsVisible = 0;
			defaultConfigurationName = Release;
		};
		FBA735AD290647CD00FF252E /* Build configuration list for PBXNativeTarget "LiveActivitySample" */ = {
			isa = XCConfigurationList;
			buildConfigurations = (
				FBA735AE290647CD00FF252E /* Debug */,
				FBA735AF290647CD00FF252E /* Release */,
			);
			defaultConfigurationIsVisible = 0;
			defaultConfigurationName = Release;
		};
/* End XCConfigurationList section */
	};
	rootObject = FBA73596290647CC00FF252E /* Project object */;
}
